
Microsoft Visual Studio Solution File, Format Version 12.00
# Visual Studio Version 16
VisualStudioVersion = 16.0.31729.503
MinimumVisualStudioVersion = 10.0.40219.1
Project("{FAE04EC0-301F-11D3-BF4B-00C04F79EFBC}") = "RabbitMQConsumer", "RabbitMQConsumer.csproj", "{AE0BED8E-D9B0-49E0-B040-7CAD3B84C320}"
EndProject
Global
	GlobalSection(SolutionConfigurationPlatforms) = preSolution
		Debug|Any CPU = Debug|Any CPU
		Release|Any CPU = Release|Any CPU
	EndGlobalSection
	GlobalSection(ProjectConfigurationPlatforms) = postSolution
		{AE0BED8E-D9B0-49E0-B040-7CAD3B84C320}.Debug|Any CPU.ActiveCfg = Debug|Any CPU
		{AE0BED8E-D9B0-49E0-B040-7CAD3B84C320}.Debug|Any CPU.Build.0 = Debug|Any CPU
		{AE0BED8E-D9B0-49E0-B040-7CAD3B84C320}.Release|Any CPU.ActiveCfg = Release|Any CPU
		{AE0BED8E-D9B0-49E0-B040-7CAD3B84C320}.Release|Any CPU.Build.0 = Release|Any CPU
	EndGlobalSection
	GlobalSection(SolutionProperties) = preSolution
		HideSolutionNode = FALSE
	EndGlobalSection
	GlobalSection(ExtensibilityGlobals) = postSolution
		SolutionGuid = {17DCBA07-FC11-4C3E-B7E0-EBF913D61980}
	EndGlobalSection
EndGlobal
